
Microsoft Visual Studio Solution File, Format Version 12.00
# Visual Studio Version 16
VisualStudioVersion = 16.0.32228.343
MinimumVisualStudioVersion = 10.0.40219.1
Project("{9A19103F-16F7-4668-BE54-9A1E7A4F7556}") = "IO-system", "IO-system\IO-system.csproj", "{557A6A4E-0F91-46E7-939D-70F3D41E8DD5}"
EndProject
Project("{FAE04EC0-301F-11D3-BF4B-00C04F79EFBC}") = "testSeystem-IO", "testSeystem-IO\testSeystem-IO.csproj", "{DA80336B-449E-4D7D-A024-DAD6853470A6}"
EndProject
Global
	GlobalSection(SolutionConfigurationPlatforms) = preSolution
		Debug|Any CPU = Debug|Any CPU
		Release|Any CPU = Release|Any CPU
	EndGlobalSection
	GlobalSection(ProjectConfigurationPlatforms) = postSolution
		{557A6A4E-0F91-46E7-939D-70F3D41E8DD5}.Debug|Any CPU.ActiveCfg = Debug|Any CPU
		{557A6A4E-0F91-46E7-939D-70F3D41E8DD5}.Debug|Any CPU.Build.0 = Debug|Any CPU
		{557A6A4E-0F91-46E7-939D-70F3D41E8DD5}.Release|Any CPU.ActiveCfg = Release|Any CPU
		{557A6A4E-0F91-46E7-939D-70F3D41E8DD5}.Release|Any CPU.Build.0 = Release|Any CPU
		{DA80336B-449E-4D7D-A024-DAD6853470A6}.Debug|Any CPU.ActiveCfg = Debug|Any CPU
		{DA80336B-449E-4D7D-A024-DAD6853470A6}.Debug|Any CPU.Build.0 = Debug|Any CPU
		{DA80336B-449E-4D7D-A024-DAD6853470A6}.Release|Any CPU.ActiveCfg = Release|Any CPU
		{DA80336B-449E-4D7D-A024-DAD6853470A6}.Release|Any CPU.Build.0 = Release|Any CPU
	EndGlobalSection
	GlobalSection(SolutionProperties) = preSolution
		HideSolutionNode = FALSE
	EndGlobalSection
	GlobalSection(ExtensibilityGlobals) = postSolution
		SolutionGuid = {8F6E4DE4-2A7A-4F94-AA52-16CE1443AB3D}
	EndGlobalSection
EndGlobal
